{
  "name": "mobile",
  "lockfileVersion": 3,
  "requires": true,
  "packages": {
    "": {
      "dependencies": {
        "expo-location": "^19.0.7"
      }
    },
    "node_modules/expo-location": {
      "version": "19.0.7",
      "resolved": "https://registry.npmjs.org/expo-location/-/expo-location-19.0.7.tgz",
      "integrity": "sha512-YNkh4r9E6ECbPkBCAMG5A5yHDgS0pw+Rzyd0l2ZQlCtjkhlODB55nMCKr5CZnUI0mXTkaSm8CwfoCO8n2MpYfg==",
      "license": "MIT",
      "peerDependencies": {
        "expo": "*"
      }
    }
  }
}
